
Microsoft Visual Studio Solution File, Format Version 12.00
# Visual Studio 15
VisualStudioVersion = 15.0.26124.0
MinimumVisualStudioVersion = 15.0.26124.0
Project("{FAE04EC0-301F-11D3-BF4B-00C04F79EFBC}") = "QuickBuy.Dominio", "QuickBuy.Dominio\QuickBuy.Dominio.csproj", "{00C85BC6-481B-414F-AB4C-3CBCBC82EABA}"
EndProject
Project("{FAE04EC0-301F-11D3-BF4B-00C04F79EFBC}") = "QuickBuy.Repositorio", "QuickBuy.Repositorio\QuickBuy.Repositorio.csproj", "{DCB8AA53-C36B-4385-94A9-C926D0217980}"
EndProject
Project("{FAE04EC0-301F-11D3-BF4B-00C04F79EFBC}") = "QuickBuy.Web", "QuickBuy.Web\QuickBuy.Web.csproj", "{32388588-6374-40C4-9AE6-6A1A717D2D20}"
EndProject
Global
	GlobalSection(SolutionConfigurationPlatforms) = preSolution
		Debug|Any CPU = Debug|Any CPU
		Debug|x64 = Debug|x64
		Debug|x86 = Debug|x86
		Release|Any CPU = Release|Any CPU
		Release|x64 = Release|x64
		Release|x86 = Release|x86
	EndGlobalSection
	GlobalSection(SolutionProperties) = preSolution
		HideSolutionNode = FALSE
	EndGlobalSection
	GlobalSection(ProjectConfigurationPlatforms) = postSolution
		{00C85BC6-481B-414F-AB4C-3CBCBC82EABA}.Debug|Any CPU.ActiveCfg = Debug|Any CPU
		{00C85BC6-481B-414F-AB4C-3CBCBC82EABA}.Debug|Any CPU.Build.0 = Debug|Any CPU
		{00C85BC6-481B-414F-AB4C-3CBCBC82EABA}.Debug|x64.ActiveCfg = Debug|Any CPU
		{00C85BC6-481B-414F-AB4C-3CBCBC82EABA}.Debug|x64.Build.0 = Debug|Any CPU
		{00C85BC6-481B-414F-AB4C-3CBCBC82EABA}.Debug|x86.ActiveCfg = Debug|Any CPU
		{00C85BC6-481B-414F-AB4C-3CBCBC82EABA}.Debug|x86.Build.0 = Debug|Any CPU
		{00C85BC6-481B-414F-AB4C-3CBCBC82EABA}.Release|Any CPU.ActiveCfg = Release|Any CPU
		{00C85BC6-481B-414F-AB4C-3CBCBC82EABA}.Release|Any CPU.Build.0 = Release|Any CPU
		{00C85BC6-481B-414F-AB4C-3CBCBC82EABA}.Release|x64.ActiveCfg = Release|Any CPU
		{00C85BC6-481B-414F-AB4C-3CBCBC82EABA}.Release|x64.Build.0 = Release|Any CPU
		{00C85BC6-481B-414F-AB4C-3CBCBC82EABA}.Release|x86.ActiveCfg = Release|Any CPU
		{00C85BC6-481B-414F-AB4C-3CBCBC82EABA}.Release|x86.Build.0 = Release|Any CPU
		{DCB8AA53-C36B-4385-94A9-C926D0217980}.Debug|Any CPU.ActiveCfg = Debug|Any CPU
		{DCB8AA53-C36B-4385-94A9-C926D0217980}.Debug|Any CPU.Build.0 = Debug|Any CPU
		{DCB8AA53-C36B-4385-94A9-C926D0217980}.Debug|x64.ActiveCfg = Debug|Any CPU
		{DCB8AA53-C36B-4385-94A9-C926D0217980}.Debug|x64.Build.0 = Debug|Any CPU
		{DCB8AA53-C36B-4385-94A9-C926D0217980}.Debug|x86.ActiveCfg = Debug|Any CPU
		{DCB8AA53-C36B-4385-94A9-C926D0217980}.Debug|x86.Build.0 = Debug|Any CPU
		{DCB8AA53-C36B-4385-94A9-C926D0217980}.Release|Any CPU.ActiveCfg = Release|Any CPU
		{DCB8AA53-C36B-4385-94A9-C926D0217980}.Release|Any CPU.Build.0 = Release|Any CPU
		{DCB8AA53-C36B-4385-94A9-C926D0217980}.Release|x64.ActiveCfg = Release|Any CPU
		{DCB8AA53-C36B-4385-94A9-C926D0217980}.Release|x64.Build.0 = Release|Any CPU
		{DCB8AA53-C36B-4385-94A9-C926D0217980}.Release|x86.ActiveCfg = Release|Any CPU
		{DCB8AA53-C36B-4385-94A9-C926D0217980}.Release|x86.Build.0 = Release|Any CPU
		{32388588-6374-40C4-9AE6-6A1A717D2D20}.Debug|Any CPU.ActiveCfg = Debug|Any CPU
		{32388588-6374-40C4-9AE6-6A1A717D2D20}.Debug|Any CPU.Build.0 = Debug|Any CPU
		{32388588-6374-40C4-9AE6-6A1A717D2D20}.Debug|x64.ActiveCfg = Debug|Any CPU
		{32388588-6374-40C4-9AE6-6A1A717D2D20}.Debug|x64.Build.0 = Debug|Any CPU
		{32388588-6374-40C4-9AE6-6A1A717D2D20}.Debug|x86.ActiveCfg = Debug|Any CPU
		{32388588-6374-40C4-9AE6-6A1A717D2D20}.Debug|x86.Build.0 = Debug|Any CPU
		{32388588-6374-40C4-9AE6-6A1A717D2D20}.Release|Any CPU.ActiveCfg = Release|Any CPU
		{32388588-6374-40C4-9AE6-6A1A717D2D20}.Release|Any CPU.Build.0 = Release|Any CPU
		{32388588-6374-40C4-9AE6-6A1A717D2D20}.Release|x64.ActiveCfg = Release|Any CPU
		{32388588-6374-40C4-9AE6-6A1A717D2D20}.Release|x64.Build.0 = Release|Any CPU
		{32388588-6374-40C4-9AE6-6A1A717D2D20}.Release|x86.ActiveCfg = Release|Any CPU
		{32388588-6374-40C4-9AE6-6A1A717D2D20}.Release|x86.Build.0 = Release|Any CPU
	EndGlobalSection
EndGlobal
